
Microsoft Visual Studio Solution File, Format Version 12.00
# Visual Studio Version 17
VisualStudioVersion = 17.4.33403.182
MinimumVisualStudioVersion = 10.0.40219.1
Project("{FAE04EC0-301F-11D3-BF4B-00C04F79EFBC}") = "lr2", "lr2\lr2.csproj", "{280D991D-2B8F-43DD-8FA9-AFA329F22649}"
EndProject
Global
	GlobalSection(SolutionConfigurationPlatforms) = preSolution
		Debug|Any CPU = Debug|Any CPU
		Release|Any CPU = Release|Any CPU
	EndGlobalSection
	GlobalSection(ProjectConfigurationPlatforms) = postSolution
		{280D991D-2B8F-43DD-8FA9-AFA329F22649}.Debug|Any CPU.ActiveCfg = Debug|Any CPU
		{280D991D-2B8F-43DD-8FA9-AFA329F22649}.Debug|Any CPU.Build.0 = Debug|Any CPU
		{280D991D-2B8F-43DD-8FA9-AFA329F22649}.Release|Any CPU.ActiveCfg = Release|Any CPU
		{280D991D-2B8F-43DD-8FA9-AFA329F22649}.Release|Any CPU.Build.0 = Release|Any CPU
	EndGlobalSection
	GlobalSection(SolutionProperties) = preSolution
		HideSolutionNode = FALSE
	EndGlobalSection
	GlobalSection(ExtensibilityGlobals) = postSolution
		SolutionGuid = {8D9BD201-E688-4A9F-9D88-30BF5E049CBF}
	EndGlobalSection
EndGlobal
